
Microsoft Visual Studio Solution File, Format Version 12.00
# Visual Studio Version 17
VisualStudioVersion = 17.8.34525.116
MinimumVisualStudioVersion = 10.0.40219.1
Project("{FAE04EC0-301F-11D3-BF4B-00C04F79EFBC}") = "MagazOnline", "MagazOnline.csproj", "{5C02AB62-2E7B-4395-BA3C-E4E66025589F}"
EndProject
Global
	GlobalSection(SolutionConfigurationPlatforms) = preSolution
		Debug|Any CPU = Debug|Any CPU
		Release|Any CPU = Release|Any CPU
	EndGlobalSection
	GlobalSection(ProjectConfigurationPlatforms) = postSolution
		{5C02AB62-2E7B-4395-BA3C-E4E66025589F}.Debug|Any CPU.ActiveCfg = Debug|Any CPU
		{5C02AB62-2E7B-4395-BA3C-E4E66025589F}.Debug|Any CPU.Build.0 = Debug|Any CPU
		{5C02AB62-2E7B-4395-BA3C-E4E66025589F}.Release|Any CPU.ActiveCfg = Release|Any CPU
		{5C02AB62-2E7B-4395-BA3C-E4E66025589F}.Release|Any CPU.Build.0 = Release|Any CPU
	EndGlobalSection
	GlobalSection(SolutionProperties) = preSolution
		HideSolutionNode = FALSE
	EndGlobalSection
	GlobalSection(ExtensibilityGlobals) = postSolution
		SolutionGuid = {824AD77B-B3EE-4177-83C2-A688AD4134CF}
	EndGlobalSection
EndGlobal
